
Microsoft Visual Studio Solution File, Format Version 12.00
# Visual Studio Version 17
VisualStudioVersion = 17.3.32929.385
MinimumVisualStudioVersion = 10.0.40219.1
Project("{FAE04EC0-301F-11D3-BF4B-00C04F79EFBC}") = "OilStationPattern", "OilStationPattern\OilStationPattern.csproj", "{1294C551-8016-46DB-9CA0-174D8825F3E8}"
EndProject
Global
	GlobalSection(SolutionConfigurationPlatforms) = preSolution
		Debug|Any CPU = Debug|Any CPU
		Release|Any CPU = Release|Any CPU
	EndGlobalSection
	GlobalSection(ProjectConfigurationPlatforms) = postSolution
		{1294C551-8016-46DB-9CA0-174D8825F3E8}.Debug|Any CPU.ActiveCfg = Debug|Any CPU
		{1294C551-8016-46DB-9CA0-174D8825F3E8}.Debug|Any CPU.Build.0 = Debug|Any CPU
		{1294C551-8016-46DB-9CA0-174D8825F3E8}.Release|Any CPU.ActiveCfg = Release|Any CPU
		{1294C551-8016-46DB-9CA0-174D8825F3E8}.Release|Any CPU.Build.0 = Release|Any CPU
	EndGlobalSection
	GlobalSection(SolutionProperties) = preSolution
		HideSolutionNode = FALSE
	EndGlobalSection
	GlobalSection(ExtensibilityGlobals) = postSolution
		SolutionGuid = {CB5B0C01-F4C6-4154-A7B1-DC9453AA067D}
	EndGlobalSection
EndGlobal
